// !$*UTF8*$!
{
	archiveVersion = 1;
	classes = {
	};
	objectVersion = 46;
	objects = {

/* Begin PBXBuildFile section */
		56B9B307E0C867DB22549FC2 /* Pods_UUXPlaySwift.framework in Frameworks */ = {isa = PBXBuildFile; fileRef = 80B788776F1459E6FEABD074 /* Pods_UUXPlaySwift.framework */; };
		87F08E4D1D2BF6A6002C54D1 /* AppDelegate.swift in Sources */ = {isa = PBXBuildFile; fileRef = 87F08E4C1D2BF6A6002C54D1 /* AppDelegate.swift */; };
		87F08E4F1D2BF6A6002C54D1 /* ViewController.swift in Sources */ = {isa = PBXBuildFile; fileRef = 87F08E4E1D2BF6A6002C54D1 /* ViewController.swift */; };
		87F08E521D2BF6A6002C54D1 /* Main.storyboard in Resources */ = {isa = PBXBuildFile; fileRef = 87F08E501D2BF6A6002C54D1 /* Main.storyboard */; };
		87F08E541D2BF6A6002C54D1 /* Assets.xcassets in Resources */ = {isa = PBXBuildFile; fileRef = 87F08E531D2BF6A6002C54D1 /* Assets.xcassets */; };
		87F08E571D2BF6A6002C54D1 /* LaunchScreen.storyboard in Resources */ = {isa = PBXBuildFile; fileRef = 87F08E551D2BF6A6002C54D1 /* LaunchScreen.storyboard */; };
/* End PBXBuildFile section */

/* Begin PBXFileReference section */
		703AD72B2D900F4A878B8946 /* Pods-UUXPlaySwift.release.xcconfig */ = {isa = PBXFileReference; includeInIndex = 1; lastKnownFileType = text.xcconfig; name = "Pods-UUXPlaySwift.release.xcconfig"; path = "Pods/Target Support Files/Pods-UUXPlaySwift/Pods-UUXPlaySwift.release.xcconfig"; sourceTree = "<group>"; };
		80B788776F1459E6FEABD074 /* Pods_UUXPlaySwift.framework */ = {isa = PBXFileReference; explicitFileType = wrapper.framework; includeInIndex = 0; path = Pods_UUXPlaySwift.framework; sourceTree = BUILT_PRODUCTS_DIR; };
		87F08E491D2BF6A6002C54D1 /* UUXPlaySwift.app */ = {isa = PBXFileReference; explicitFileType = wrapper.application; includeInIndex = 0; path = UUXPlaySwift.app; sourceTree = BUILT_PRODUCTS_DIR; };
		87F08E4C1D2BF6A6002C54D1 /* AppDelegate.swift */ = {isa = PBXFileReference; lastKnownFileType = sourcecode.swift; path = AppDelegate.swift; sourceTree = "<group>"; };
		87F08E4E1D2BF6A6002C54D1 /* ViewController.swift */ = {isa = PBXFileReference; lastKnownFileType = sourcecode.swift; path = ViewController.swift; sourceTree = "<group>"; };
		87F08E511D2BF6A6002C54D1 /* Base */ = {isa = PBXFileReference; lastKnownFileType = file.storyboard; name = Base; path = Base.lproj/Main.storyboard; sourceTree = "<group>"; };
		87F08E531D2BF6A6002C54D1 /* Assets.xcassets */ = {isa = PBXFileReference; lastKnownFileType = folder.assetcatalog; path = Assets.xcassets; sourceTree = "<group>"; };
		87F08E561D2BF6A6002C54D1 /* Base */ = {isa = PBXFileReference; lastKnownFileType = file.storyboard; name = Base; path = Base.lproj/LaunchScreen.storyboard; sourceTree = "<group>"; };
		87F08E581D2BF6A6002C54D1 /* Info.plist */ = {isa = PBXFileReference; lastKnownFileType = text.plist.xml; path = Info.plist; sourceTree = "<group>"; };
		F4882AEFB1D0127C8EE598AE /* Pods-UUXPlaySwift.debug.xcconfig */ = {isa = PBXFileReference; includeInIndex = 1; lastKnownFileType = text.xcconfig; name = "Pods-UUXPlaySwift.debug.xcconfig"; path = "Pods/Target Support Files/Pods-UUXPlaySwift/Pods-UUXPlaySwift.debug.xcconfig"; sourceTree = "<group>"; };
/* End PBXFileReference section */

/* Begin PBXFrameworksBuildPhase section */
		87F08E461D2BF6A6002C54D1 /* Frameworks */ = {
			isa = PBXFrameworksBuildPhase;
			buildActionMask = 2147483647;
			files = (
				56B9B307E0C867DB22549FC2 /* Pods_UUXPlaySwift.framework in Frameworks */,
			);
			runOnlyForDeploymentPostprocessing = 0;
		};
/* End PBXFrameworksBuildPhase section */

/* Begin PBXGroup section */
		67557904D9369EC5366EF0E6 /* Frameworks */ = {
			isa = PBXGroup;
			children = (
				80B788776F1459E6FEABD074 /* Pods_UUXPlaySwift.framework */,
			);
			name = Frameworks;
			sourceTree = "<group>";
		};
		6FFC7FBD1D4B0E656A76F5EA /* Pods */ = {
			isa = PBXGroup;
			children = (
				F4882AEFB1D0127C8EE598AE /* Pods-UUXPlaySwift.debug.xcconfig */,
				703AD72B2D900F4A878B8946 /* Pods-UUXPlaySwift.release.xcconfig */,
			);
			name = Pods;
			sourceTree = "<group>";
		};
		87F08E401D2BF6A6002C54D1 = {
			isa = PBXGroup;
			children = (
				87F08E4B1D2BF6A6002C54D1 /* UUXPlaySwift */,
				87F08E4A1D2BF6A6002C54D1 /* Products */,
				6FFC7FBD1D4B0E656A76F5EA /* Pods */,
				67557904D9369EC5366EF0E6 /* Frameworks */,
			);
			sourceTree = "<group>";
		};
		87F08E4A1D2BF6A6002C54D1 /* Products */ = {
			isa = PBXGroup;
			children = (
				87F08E491D2BF6A6002C54D1 /* UUXPlaySwift.app */,
			);
			name = Products;
			sourceTree = "<group>";
		};
		87F08E4B1D2BF6A6002C54D1 /* UUXPlaySwift */ = {
			isa = PBXGroup;
			children = (
				87F08E4C1D2BF6A6002C54D1 /* AppDelegate.swift */,
				87F08E4E1D2BF6A6002C54D1 /* ViewController.swift */,
				87F08E501D2BF6A6002C54D1 /* Main.storyboard */,
				87F08E531D2BF6A6002C54D1 /* Assets.xcassets */,
				87F08E551D2BF6A6002C54D1 /* LaunchScreen.storyboard */,
				87F08E581D2BF6A6002C54D1 /* Info.plist */,
			);
			path = UUXPlaySwift;
			sourceTree = "<group>";
		};
/* End PBXGroup section */

/* Begin PBXNativeTarget section */
		87F08E481D2BF6A6002C54D1 /* UUXPlaySwift */ = {
			isa = PBXNativeTarget;
			buildConfigurationList = 87F08E5B1D2BF6A6002C54D1 /* Build configuration list for PBXNativeTarget "UUXPlaySwift" */;
			buildPhases = (
				AC2B298B6730720FF0EF40BA /* 📦 Check Pods Manifest.lock */,
				87F08E451D2BF6A6002C54D1 /* Sources */,
				87F08E461D2BF6A6002C54D1 /* Frameworks */,
				87F08E471D2BF6A6002C54D1 /* Resources */,
				B83A732B927AF6FE4CCFD643 /* 📦 Embed Pods Frameworks */,
				D4C47265EE8553CBE44B7174 /* 📦 Copy Pods Resources */,
			);
			buildRules = (
			);
			dependencies = (
			);
			name = UUXPlaySwift;
			productName = UUXPlaySwift;
			productReference = 87F08E491D2BF6A6002C54D1 /* UUXPlaySwift.app */;
			productType = "com.apple.product-type.application";
		};
/* End PBXNativeTarget section */

/* Begin PBXProject section */
		87F08E411D2BF6A6002C54D1 /* Project object */ = {
			isa = PBXProject;
			attributes = {
				LastSwiftUpdateCheck = 0730;
				LastUpgradeCheck = 0730;
				ORGANIZATIONNAME = "Eduardo Cobuci";
				TargetAttributes = {
					87F08E481D2BF6A6002C54D1 = {
						CreatedOnToolsVersion = 7.3.1;
					};
				};
			};
			buildConfigurationList = 87F08E441D2BF6A6002C54D1 /* Build configuration list for PBXProject "UUXPlaySwift" */;
			compatibilityVersion = "Xcode 3.2";
			developmentRegion = English;
			hasScannedForEncodings = 0;
			knownRegions = (
				en,
				Base,
			);
			mainGroup = 87F08E401D2BF6A6002C54D1;
			productRefGroup = 87F08E4A1D2BF6A6002C54D1 /* Products */;
			projectDirPath = "";
			projectRoot = "";
			targets = (
				87F08E481D2BF6A6002C54D1 /* UUXPlaySwift */,
			);
		};
/* End PBXProject section */

/* Begin PBXResourcesBuildPhase section */
		87F08E471D2BF6A6002C54D1 /* Resources */ = {
			isa = PBXResourcesBuildPhase;
			buildActionMask = 2147483647;
			files = (
				87F08E571D2BF6A6002C54D1 /* LaunchScreen.storyboard in Resources */,
				87F08E541D2BF6A6002C54D1 /* Assets.xcassets in Resources */,
				87F08E521D2BF6A6002C54D1 /* Main.storyboard in Resources */,
			);
			runOnlyForDeploymentPostprocessing = 0;
		};
/* End PBXResourcesBuildPhase section */

/* Begin PBXShellScriptBuildPhase section */
		AC2B298B6730720FF0EF40BA /* 📦 Check Pods Manifest.lock */ = {
			isa = PBXShellScriptBuildPhase;
			buildActionMask = 2147483647;
			files = (
			);
			inputPaths = (
			);
			name = "📦 Check Pods Manifest.lock";
			outputPaths = (
			);
			runOnlyForDeploymentPostprocessing = 0;
			shellPath = /bin/sh;
			shellScript = "diff \"${PODS_ROOT}/../Podfile.lock\" \"${PODS_ROOT}/Manifest.lock\" > /dev/null\nif [[ $? != 0 ]] ; then\n    cat << EOM\nerror: The sandbox is not in sync with the Podfile.lock. Run 'pod install' or update your CocoaPods installation.\nEOM\n    exit 1\nfi\n";
			showEnvVarsInLog = 0;
		};
		B83A732B927AF6FE4CCFD643 /* 📦 Embed Pods Frameworks */ = {
			isa = PBXShellScriptBuildPhase;
			buildActionMask = 2147483647;
			files = (
			);
			inputPaths = (
			);
			name = "📦 Embed Pods Frameworks";
			outputPaths = (
			);
			runOnlyForDeploymentPostprocessing = 0;
			shellPath = /bin/sh;
			shellScript = "\"${SRCROOT}/Pods/Target Support Files/Pods-UUXPlaySwift/Pods-UUXPlaySwift-frameworks.sh\"\n";
			showEnvVarsInLog = 0;
		};
		D4C47265EE8553CBE44B7174 /* 📦 Copy Pods Resources */ = {
			isa = PBXShellScriptBuildPhase;
			buildActionMask = 2147483647;
			files = (
			);
			inputPaths = (
			);
			name = "📦 Copy Pods Resources";
			outputPaths = (
			);
			runOnlyForDeploymentPostprocessing = 0;
			shellPath = /bin/sh;
			shellScript = "\"${SRCROOT}/Pods/Target Support Files/Pods-UUXPlaySwift/Pods-UUXPlaySwift-resources.sh\"\n";
			showEnvVarsInLog = 0;
		};
/* End PBXShellScriptBuildPhase section */

/* Begin PBXSourcesBuildPhase section */
		87F08E451D2BF6A6002C54D1 /* Sources */ = {
			isa = PBXSourcesBuildPhase;
			buildActionMask = 2147483647;
			files = (
				87F08E4F1D2BF6A6002C54D1 /* ViewController.swift in Sources */,
				87F08E4D1D2BF6A6002C54D1 /* AppDelegate.swift in Sources */,
			);
			runOnlyForDeploymentPostprocessing = 0;
		};
/* End PBXSourcesBuildPhase section */

/* Begin PBXVariantGroup section */
		87F08E501D2BF6A6002C54D1 /* Main.storyboard */ = {
			isa = PBXVariantGroup;
			children = (
				87F08E511D2BF6A6002C54D1 /* Base */,
			);
			name = Main.storyboard;
			sourceTree = "<group>";
		};
		87F08E551D2BF6A6002C54D1 /* LaunchScreen.storyboard */ = {
			isa = PBXVariantGroup;
			children = (
				87F08E561D2BF6A6002C54D1 /* Base */,
			);
			name = LaunchScreen.storyboard;
			sourceTree = "<group>";
		};
/* End PBXVariantGroup section */

/* Begin XCBuildConfiguration section */
		87F08E591D2BF6A6002C54D1 /* Debug */ = {
			isa = XCBuildConfiguration;
			buildSettings = {
				ALWAYS_SEARCH_USER_PATHS = NO;
				CLANG_ANALYZER_NONNULL = YES;
				CLANG_CXX_LANGUAGE_STANDARD = "gnu++0x";
				CLANG_CXX_LIBRARY = "libc++";
				CLANG_ENABLE_MODULES = YES;
				CLANG_ENABLE_OBJC_ARC = YES;
				CLANG_WARN_BOOL_CONVERSION = YES;
				CLANG_WARN_CONSTANT_CONVERSION = YES;
				CLANG_WARN_DIRECT_OBJC_ISA_USAGE = YES_ERROR;
				CLANG_WARN_EMPTY_BODY = YES;
				CLANG_WARN_ENUM_CONVERSION = YES;
				CLANG_WARN_INT_CONVERSION = YES;
				CLANG_WARN_OBJC_ROOT_CLASS = YES_ERROR;
				CLANG_WARN_UNREACHABLE_CODE = YES;
				CLANG_WARN__DUPLICATE_METHOD_MATCH = YES;
				"CODE_SIGN_IDENTITY[sdk=iphoneos*]" = "iPhone Developer";
				COPY_PHASE_STRIP = NO;
				DEBUG_INFORMATION_FORMAT = dwarf;
				ENABLE_STRICT_OBJC_MSGSEND = YES;
				ENABLE_TESTABILITY = YES;
				GCC_C_LANGUAGE_STANDARD = gnu99;
				GCC_DYNAMIC_NO_PIC = NO;
				GCC_NO_COMMON_BLOCKS = YES;
				GCC_OPTIMIZATION_LEVEL = 0;
				GCC_PREPROCESSOR_DEFINITIONS = (
					"DEBUG=1",
					"$(inherited)",
				);
				GCC_WARN_64_TO_32_BIT_CONVERSION = YES;
				GCC_WARN_ABOUT_RETURN_TYPE = YES_ERROR;
				GCC_WARN_UNDECLARED_SELECTOR = YES;
				GCC_WARN_UNINITIALIZED_AUTOS = YES_AGGRESSIVE;
				GCC_WARN_UNUSED_FUNCTION = YES;
				GCC_WARN_UNUSED_VARIABLE = YES;
				IPHONEOS_DEPLOYMENT_TARGET = 9.3;
				MTL_ENABLE_DEBUG_INFO = YES;
				ONLY_ACTIVE_ARCH = YES;
				SDKROOT = iphoneos;
				SWIFT_OPTIMIZATION_LEVEL = "-Onone";
				TARGETED_DEVICE_FAMILY = "1,2";
			};
			name = Debug;
		};
		87F08E5A1D2BF6A6002C54D1 /* Release */ = {
			isa = XCBuildConfiguration;
			buildSettings = {
				ALWAYS_SEARCH_USER_PATHS = NO;
				CLANG_ANALYZER_NONNULL = YES;
				CLANG_CXX_LANGUAGE_STANDARD = "gnu++0x";
				CLANG_CXX_LIBRARY = "libc++";
				CLANG_ENABLE_MODULES = YES;
				CLANG_ENABLE_OBJC_ARC = YES;
				CLANG_WARN_BOOL_CONVERSION = YES;
				CLANG_WARN_CONSTANT_CONVERSION = YES;
				CLANG_WARN_DIRECT_OBJC_ISA_USAGE = YES_ERROR;
				CLANG_WARN_EMPTY_BODY = YES;
				CLANG_WARN_ENUM_CONVERSION = YES;
				CLANG_WARN_INT_CONVERSION = YES;
				CLANG_WARN_OBJC_ROOT_CLASS = YES_ERROR;
				CLANG_WARN_UNREACHABLE_CODE = YES;
				CLANG_WARN__DUPLICATE_METHOD_MATCH = YES;
				"CODE_SIGN_IDENTITY[sdk=iphoneos*]" = "iPhone Developer";
				COPY_PHASE_STRIP = NO;
				DEBUG_INFORMATION_FORMAT = "dwarf-with-dsym";
				ENABLE_NS_ASSERTIONS = NO;
				ENABLE_STRICT_OBJC_MSGSEND = YES;
				GCC_C_LANGUAGE_STANDARD = gnu99;
				GCC_NO_COMMON_BLOCKS = YES;
				GCC_WARN_64_TO_32_BIT_CONVERSION = YES;
				GCC_WARN_ABOUT_RETURN_TYPE = YES_ERROR;
				GCC_WARN_UNDECLARED_SELECTOR = YES;
				GCC_WARN_UNINITIALIZED_AUTOS = YES_AGGRESSIVE;
				GCC_WARN_UNUSED_FUNCTION = YES;
				GCC_WARN_UNUSED_VARIABLE = YES;
				IPHONEOS_DEPLOYMENT_TARGET = 9.3;
				MTL_ENABLE_DEBUG_INFO = NO;
				SDKROOT = iphoneos;
				TARGETED_DEVICE_FAMILY = "1,2";
				VALIDATE_PRODUCT = YES;
			};
			name = Release;
		};
		87F08E5C1D2BF6A6002C54D1 /* Debug */ = {
			isa = XCBuildConfiguration;
			baseConfigurationReference = F4882AEFB1D0127C8EE598AE /* Pods-UUXPlaySwift.debug.xcconfig */;
			buildSettings = {
				ASSETCATALOG_COMPILER_APPICON_NAME = AppIcon;
				INFOPLIST_FILE = UUXPlaySwift/Info.plist;
				LD_RUNPATH_SEARCH_PATHS = "$(inherited) @executable_path/Frameworks";
				PRODUCT_BUNDLE_IDENTIFIER = com.uux.UUXPlaySwift;
				PRODUCT_NAME = "$(TARGET_NAME)";
			};
			name = Debug;
		};
		87F08E5D1D2BF6A6002C54D1 /* Release */ = {
			isa = XCBuildConfiguration;
			baseConfigurationReference = 703AD72B2D900F4A878B8946 /* Pods-UUXPlaySwift.release.xcconfig */;
			buildSettings = {
				ASSETCATALOG_COMPILER_APPICON_NAME = AppIcon;
				INFOPLIST_FILE = UUXPlaySwift/Info.plist;
				LD_RUNPATH_SEARCH_PATHS = "$(inherited) @executable_path/Frameworks";
				PRODUCT_BUNDLE_IDENTIFIER = com.uux.UUXPlaySwift;
				PRODUCT_NAME = "$(TARGET_NAME)";
			};
			name = Release;
		};
/* End XCBuildConfiguration section */

/* Begin XCConfigurationList section */
		87F08E441D2BF6A6002C54D1 /* Build configuration list for PBXProject "UUXPlaySwift" */ = {
			isa = XCConfigurationList;
			buildConfigurations = (
				87F08E591D2BF6A6002C54D1 /* Debug */,
				87F08E5A1D2BF6A6002C54D1 /* Release */,
			);
			defaultConfigurationIsVisible = 0;
			defaultConfigurationName = Release;
		};
		87F08E5B1D2BF6A6002C54D1 /* Build configuration list for PBXNativeTarget "UUXPlaySwift" */ = {
			isa = XCConfigurationList;
			buildConfigurations = (
				87F08E5C1D2BF6A6002C54D1 /* Debug */,
				87F08E5D1D2BF6A6002C54D1 /* Release */,
			);
			defaultConfigurationIsVisible = 0;
			defaultConfigurationName = Release;
		};
/* End XCConfigurationList section */
	};
	rootObject = 87F08E411D2BF6A6002C54D1 /* Project object */;
}
